
Microsoft Visual Studio Solution File, Format Version 12.00
# Visual Studio 15
VisualStudioVersion = 15.0.27428.2005
MinimumVisualStudioVersion = 10.0.40219.1
Project("{8BC9CEB8-8B4A-11D0-8D11-00A0C91BC942}") = "find_max_ex", "1.3_find_max_ex\find_max_ex\find_max_ex.vcxproj", "{9E5724D7-709D-4D85-90BA-BABFC5FF0AED}"
	ProjectSection(ProjectDependencies) = postProject
		{B707D9A9-45A8-4E5B-B953-4247CBA8A12F} = {B707D9A9-45A8-4E5B-B953-4247CBA8A12F}
	EndProjectSection
EndProject
Project("{8BC9CEB8-8B4A-11D0-8D11-00A0C91BC942}") = "find_max_ex_test", "1.3_find_max_ex\find_max_ex_test\find_max_ex_test.vcxproj", "{B707D9A9-45A8-4E5B-B953-4247CBA8A12F}"
EndProject
Project("{8BC9CEB8-8B4A-11D0-8D11-00A0C91BC942}") = "list", "2.3_list\list\list.vcxproj", "{68EDA3B4-34E0-466A-9538-8D3FDC75EA35}"
	ProjectSection(ProjectDependencies) = postProject
		{9525CFF1-BFBC-4406-8441-C066A8FFA4A0} = {9525CFF1-BFBC-4406-8441-C066A8FFA4A0}
	EndProjectSection
EndProject
Project("{8BC9CEB8-8B4A-11D0-8D11-00A0C91BC942}") = "list_test", "2.3_list\list_test\list_test.vcxproj", "{9525CFF1-BFBC-4406-8441-C066A8FFA4A0}"
EndProject
Global
	GlobalSection(SolutionConfigurationPlatforms) = preSolution
		Debug|x64 = Debug|x64
		Debug|x86 = Debug|x86
		Release|x64 = Release|x64
		Release|x86 = Release|x86
	EndGlobalSection
	GlobalSection(ProjectConfigurationPlatforms) = postSolution
		{9E5724D7-709D-4D85-90BA-BABFC5FF0AED}.Debug|x64.ActiveCfg = Debug|x64
		{9E5724D7-709D-4D85-90BA-BABFC5FF0AED}.Debug|x64.Build.0 = Debug|x64
		{9E5724D7-709D-4D85-90BA-BABFC5FF0AED}.Debug|x86.ActiveCfg = Debug|Win32
		{9E5724D7-709D-4D85-90BA-BABFC5FF0AED}.Debug|x86.Build.0 = Debug|Win32
		{9E5724D7-709D-4D85-90BA-BABFC5FF0AED}.Release|x64.ActiveCfg = Release|x64
		{9E5724D7-709D-4D85-90BA-BABFC5FF0AED}.Release|x64.Build.0 = Release|x64
		{9E5724D7-709D-4D85-90BA-BABFC5FF0AED}.Release|x86.ActiveCfg = Release|Win32
		{9E5724D7-709D-4D85-90BA-BABFC5FF0AED}.Release|x86.Build.0 = Release|Win32
		{B707D9A9-45A8-4E5B-B953-4247CBA8A12F}.Debug|x64.ActiveCfg = Debug|x64
		{B707D9A9-45A8-4E5B-B953-4247CBA8A12F}.Debug|x64.Build.0 = Debug|x64
		{B707D9A9-45A8-4E5B-B953-4247CBA8A12F}.Debug|x86.ActiveCfg = Debug|Win32
		{B707D9A9-45A8-4E5B-B953-4247CBA8A12F}.Debug|x86.Build.0 = Debug|Win32
		{B707D9A9-45A8-4E5B-B953-4247CBA8A12F}.Release|x64.ActiveCfg = Release|x64
		{B707D9A9-45A8-4E5B-B953-4247CBA8A12F}.Release|x64.Build.0 = Release|x64
		{B707D9A9-45A8-4E5B-B953-4247CBA8A12F}.Release|x86.ActiveCfg = Release|Win32
		{B707D9A9-45A8-4E5B-B953-4247CBA8A12F}.Release|x86.Build.0 = Release|Win32
		{68EDA3B4-34E0-466A-9538-8D3FDC75EA35}.Debug|x64.ActiveCfg = Debug|x64
		{68EDA3B4-34E0-466A-9538-8D3FDC75EA35}.Debug|x64.Build.0 = Debug|x64
		{68EDA3B4-34E0-466A-9538-8D3FDC75EA35}.Debug|x86.ActiveCfg = Debug|Win32
		{68EDA3B4-34E0-466A-9538-8D3FDC75EA35}.Debug|x86.Build.0 = Debug|Win32
		{68EDA3B4-34E0-466A-9538-8D3FDC75EA35}.Release|x64.ActiveCfg = Release|x64
		{68EDA3B4-34E0-466A-9538-8D3FDC75EA35}.Release|x64.Build.0 = Release|x64
		{68EDA3B4-34E0-466A-9538-8D3FDC75EA35}.Release|x86.ActiveCfg = Release|Win32
		{68EDA3B4-34E0-466A-9538-8D3FDC75EA35}.Release|x86.Build.0 = Release|Win32
		{9525CFF1-BFBC-4406-8441-C066A8FFA4A0}.Debug|x64.ActiveCfg = Debug|x64
		{9525CFF1-BFBC-4406-8441-C066A8FFA4A0}.Debug|x64.Build.0 = Debug|x64
		{9525CFF1-BFBC-4406-8441-C066A8FFA4A0}.Debug|x86.ActiveCfg = Debug|Win32
		{9525CFF1-BFBC-4406-8441-C066A8FFA4A0}.Debug|x86.Build.0 = Debug|Win32
		{9525CFF1-BFBC-4406-8441-C066A8FFA4A0}.Release|x64.ActiveCfg = Release|x64
		{9525CFF1-BFBC-4406-8441-C066A8FFA4A0}.Release|x64.Build.0 = Release|x64
		{9525CFF1-BFBC-4406-8441-C066A8FFA4A0}.Release|x86.ActiveCfg = Release|Win32
		{9525CFF1-BFBC-4406-8441-C066A8FFA4A0}.Release|x86.Build.0 = Release|Win32
	EndGlobalSection
	GlobalSection(SolutionProperties) = preSolution
		HideSolutionNode = FALSE
	EndGlobalSection
	GlobalSection(ExtensibilityGlobals) = postSolution
		SolutionGuid = {EBC8D358-3122-43C1-97B1-D296A3CB1F9E}
	EndGlobalSection
EndGlobal
