
Microsoft Visual Studio Solution File, Format Version 12.00
# Visual Studio 15
VisualStudioVersion = 15.0.27428.2005
MinimumVisualStudioVersion = 10.0.40219.1
Project("{8BC9CEB8-8B4A-11D0-8D11-00A0C91BC942}") = "rational", "1.3_rational\rational\rational.vcxproj", "{C71117B0-2702-48AE-B513-91949FFD12D9}"
	ProjectSection(ProjectDependencies) = postProject
		{012A8A40-0F32-4FD9-9AA9-CEBDF950255B} = {012A8A40-0F32-4FD9-9AA9-CEBDF950255B}
	EndProjectSection
EndProject
Project("{8BC9CEB8-8B4A-11D0-8D11-00A0C91BC942}") = "rational_test", "1.3_rational\test\rational_test.vcxproj", "{012A8A40-0F32-4FD9-9AA9-CEBDF950255B}"
EndProject
Project("{8BC9CEB8-8B4A-11D0-8D11-00A0C91BC942}") = "string", "2_string\string\string.vcxproj", "{55544F01-5C31-4B8C-9EAA-7CE03B72F766}"
	ProjectSection(ProjectDependencies) = postProject
		{7BFA526E-1422-4587-9A54-1F45920B430D} = {7BFA526E-1422-4587-9A54-1F45920B430D}
	EndProjectSection
EndProject
Project("{8BC9CEB8-8B4A-11D0-8D11-00A0C91BC942}") = "string_test", "2_string\test\test.vcxproj", "{7BFA526E-1422-4587-9A54-1F45920B430D}"
EndProject
Global
	GlobalSection(SolutionConfigurationPlatforms) = preSolution
		Debug|x64 = Debug|x64
		Debug|x86 = Debug|x86
		Release|x64 = Release|x64
		Release|x86 = Release|x86
	EndGlobalSection
	GlobalSection(ProjectConfigurationPlatforms) = postSolution
		{C71117B0-2702-48AE-B513-91949FFD12D9}.Debug|x64.ActiveCfg = Debug|x64
		{C71117B0-2702-48AE-B513-91949FFD12D9}.Debug|x64.Build.0 = Debug|x64
		{C71117B0-2702-48AE-B513-91949FFD12D9}.Debug|x86.ActiveCfg = Debug|Win32
		{C71117B0-2702-48AE-B513-91949FFD12D9}.Debug|x86.Build.0 = Debug|Win32
		{C71117B0-2702-48AE-B513-91949FFD12D9}.Release|x64.ActiveCfg = Release|x64
		{C71117B0-2702-48AE-B513-91949FFD12D9}.Release|x64.Build.0 = Release|x64
		{C71117B0-2702-48AE-B513-91949FFD12D9}.Release|x86.ActiveCfg = Release|Win32
		{C71117B0-2702-48AE-B513-91949FFD12D9}.Release|x86.Build.0 = Release|Win32
		{012A8A40-0F32-4FD9-9AA9-CEBDF950255B}.Debug|x64.ActiveCfg = Debug|x64
		{012A8A40-0F32-4FD9-9AA9-CEBDF950255B}.Debug|x64.Build.0 = Debug|x64
		{012A8A40-0F32-4FD9-9AA9-CEBDF950255B}.Debug|x86.ActiveCfg = Debug|Win32
		{012A8A40-0F32-4FD9-9AA9-CEBDF950255B}.Debug|x86.Build.0 = Debug|Win32
		{012A8A40-0F32-4FD9-9AA9-CEBDF950255B}.Release|x64.ActiveCfg = Release|x64
		{012A8A40-0F32-4FD9-9AA9-CEBDF950255B}.Release|x64.Build.0 = Release|x64
		{012A8A40-0F32-4FD9-9AA9-CEBDF950255B}.Release|x86.ActiveCfg = Release|Win32
		{012A8A40-0F32-4FD9-9AA9-CEBDF950255B}.Release|x86.Build.0 = Release|Win32
		{55544F01-5C31-4B8C-9EAA-7CE03B72F766}.Debug|x64.ActiveCfg = Debug|x64
		{55544F01-5C31-4B8C-9EAA-7CE03B72F766}.Debug|x64.Build.0 = Debug|x64
		{55544F01-5C31-4B8C-9EAA-7CE03B72F766}.Debug|x86.ActiveCfg = Debug|Win32
		{55544F01-5C31-4B8C-9EAA-7CE03B72F766}.Debug|x86.Build.0 = Debug|Win32
		{55544F01-5C31-4B8C-9EAA-7CE03B72F766}.Release|x64.ActiveCfg = Release|x64
		{55544F01-5C31-4B8C-9EAA-7CE03B72F766}.Release|x64.Build.0 = Release|x64
		{55544F01-5C31-4B8C-9EAA-7CE03B72F766}.Release|x86.ActiveCfg = Release|Win32
		{55544F01-5C31-4B8C-9EAA-7CE03B72F766}.Release|x86.Build.0 = Release|Win32
		{7BFA526E-1422-4587-9A54-1F45920B430D}.Debug|x64.ActiveCfg = Debug|x64
		{7BFA526E-1422-4587-9A54-1F45920B430D}.Debug|x64.Build.0 = Debug|x64
		{7BFA526E-1422-4587-9A54-1F45920B430D}.Debug|x86.ActiveCfg = Debug|Win32
		{7BFA526E-1422-4587-9A54-1F45920B430D}.Debug|x86.Build.0 = Debug|Win32
		{7BFA526E-1422-4587-9A54-1F45920B430D}.Release|x64.ActiveCfg = Release|x64
		{7BFA526E-1422-4587-9A54-1F45920B430D}.Release|x64.Build.0 = Release|x64
		{7BFA526E-1422-4587-9A54-1F45920B430D}.Release|x86.ActiveCfg = Release|Win32
		{7BFA526E-1422-4587-9A54-1F45920B430D}.Release|x86.Build.0 = Release|Win32
	EndGlobalSection
	GlobalSection(SolutionProperties) = preSolution
		HideSolutionNode = FALSE
	EndGlobalSection
	GlobalSection(ExtensibilityGlobals) = postSolution
		SolutionGuid = {355A328F-C4E3-4CE9-9F3D-7D9C58821687}
	EndGlobalSection
EndGlobal
